
Microsoft Visual Studio Solution File, Format Version 12.00
# Visual Studio Version 16
VisualStudioVersion = 16.0.31613.86
MinimumVisualStudioVersion = 10.0.40219.1
Project("{FAE04EC0-301F-11D3-BF4B-00C04F79EFBC}") = "FileUploader.web", "FileUploader.web\FileUploader.web.csproj", "{30E9B25F-1222-4042-8A73-72DBB2FFCFB7}"
EndProject
Project("{FAE04EC0-301F-11D3-BF4B-00C04F79EFBC}") = "FileUploader.data", "FileUploader.data\FileUploader.data.csproj", "{CEA2A4FD-1261-4FAC-B024-70696E867235}"
EndProject
Global
	GlobalSection(SolutionConfigurationPlatforms) = preSolution
		Debug|Any CPU = Debug|Any CPU
		Release|Any CPU = Release|Any CPU
	EndGlobalSection
	GlobalSection(ProjectConfigurationPlatforms) = postSolution
		{30E9B25F-1222-4042-8A73-72DBB2FFCFB7}.Debug|Any CPU.ActiveCfg = Debug|Any CPU
		{30E9B25F-1222-4042-8A73-72DBB2FFCFB7}.Debug|Any CPU.Build.0 = Debug|Any CPU
		{30E9B25F-1222-4042-8A73-72DBB2FFCFB7}.Release|Any CPU.ActiveCfg = Release|Any CPU
		{30E9B25F-1222-4042-8A73-72DBB2FFCFB7}.Release|Any CPU.Build.0 = Release|Any CPU
		{CEA2A4FD-1261-4FAC-B024-70696E867235}.Debug|Any CPU.ActiveCfg = Debug|Any CPU
		{CEA2A4FD-1261-4FAC-B024-70696E867235}.Debug|Any CPU.Build.0 = Debug|Any CPU
		{CEA2A4FD-1261-4FAC-B024-70696E867235}.Release|Any CPU.ActiveCfg = Release|Any CPU
		{CEA2A4FD-1261-4FAC-B024-70696E867235}.Release|Any CPU.Build.0 = Release|Any CPU
	EndGlobalSection
	GlobalSection(SolutionProperties) = preSolution
		HideSolutionNode = FALSE
	EndGlobalSection
	GlobalSection(ExtensibilityGlobals) = postSolution
		SolutionGuid = {AD09D1DC-FC75-4594-8E9C-EE779077D001}
	EndGlobalSection
EndGlobal
